
Microsoft Visual Studio Solution File, Format Version 12.00
# Visual Studio 15
VisualStudioVersion = 15.0.28307.572
MinimumVisualStudioVersion = 10.0.40219.1
Project("{FAE04EC0-301F-11D3-BF4B-00C04F79EFBC}") = "Grades", "Grades\Grades.csproj", "{D76E4D54-0527-40AB-BBBF-13DBF5EC7E55}"
EndProject
Project("{FAE04EC0-301F-11D3-BF4B-00C04F79EFBC}") = "Grades.Tests", "Grades.Tests\Grades.Tests.csproj", "{83E19648-5B69-4BBE-91A8-C2083C221E4A}"
EndProject
Global
	GlobalSection(SolutionConfigurationPlatforms) = preSolution
		Debug|Any CPU = Debug|Any CPU
		Release|Any CPU = Release|Any CPU
	EndGlobalSection
	GlobalSection(ProjectConfigurationPlatforms) = postSolution
		{D76E4D54-0527-40AB-BBBF-13DBF5EC7E55}.Debug|Any CPU.ActiveCfg = Debug|Any CPU
		{D76E4D54-0527-40AB-BBBF-13DBF5EC7E55}.Debug|Any CPU.Build.0 = Debug|Any CPU
		{D76E4D54-0527-40AB-BBBF-13DBF5EC7E55}.Release|Any CPU.ActiveCfg = Release|Any CPU
		{D76E4D54-0527-40AB-BBBF-13DBF5EC7E55}.Release|Any CPU.Build.0 = Release|Any CPU
		{83E19648-5B69-4BBE-91A8-C2083C221E4A}.Debug|Any CPU.ActiveCfg = Debug|Any CPU
		{83E19648-5B69-4BBE-91A8-C2083C221E4A}.Debug|Any CPU.Build.0 = Debug|Any CPU
		{83E19648-5B69-4BBE-91A8-C2083C221E4A}.Release|Any CPU.ActiveCfg = Release|Any CPU
		{83E19648-5B69-4BBE-91A8-C2083C221E4A}.Release|Any CPU.Build.0 = Release|Any CPU
	EndGlobalSection
	GlobalSection(SolutionProperties) = preSolution
		HideSolutionNode = FALSE
	EndGlobalSection
	GlobalSection(ExtensibilityGlobals) = postSolution
		SolutionGuid = {36D59032-CA54-4BCF-A699-55980DBACB42}
	EndGlobalSection
EndGlobal
